
Microsoft Visual Studio Solution File, Format Version 12.00
# Visual Studio Version 17
VisualStudioVersion = 17.9.34728.123
MinimumVisualStudioVersion = 10.0.40219.1
Project("{FAE04EC0-301F-11D3-BF4B-00C04F79EFBC}") = "CarHupApp.Android", "CarHupApp\CarHupApp.Android\CarHupApp.Android.csproj", "{45883B75-23E5-44A0-9981-4EB1D8C9D677}"
EndProject
Project("{FAE04EC0-301F-11D3-BF4B-00C04F79EFBC}") = "CarHupApp", "CarHupApp\CarHupApp\CarHupApp.csproj", "{ACC48020-4AFF-4E97-BB93-B065B21E196B}"
EndProject
Global
	GlobalSection(SolutionConfigurationPlatforms) = preSolution
		Debug|Any CPU = Debug|Any CPU
		Release|Any CPU = Release|Any CPU
	EndGlobalSection
	GlobalSection(ProjectConfigurationPlatforms) = postSolution
		{45883B75-23E5-44A0-9981-4EB1D8C9D677}.Debug|Any CPU.ActiveCfg = Debug|Any CPU
		{45883B75-23E5-44A0-9981-4EB1D8C9D677}.Debug|Any CPU.Build.0 = Debug|Any CPU
		{45883B75-23E5-44A0-9981-4EB1D8C9D677}.Debug|Any CPU.Deploy.0 = Debug|Any CPU
		{45883B75-23E5-44A0-9981-4EB1D8C9D677}.Release|Any CPU.ActiveCfg = Release|Any CPU
		{45883B75-23E5-44A0-9981-4EB1D8C9D677}.Release|Any CPU.Build.0 = Release|Any CPU
		{45883B75-23E5-44A0-9981-4EB1D8C9D677}.Release|Any CPU.Deploy.0 = Release|Any CPU
		{ACC48020-4AFF-4E97-BB93-B065B21E196B}.Debug|Any CPU.ActiveCfg = Debug|Any CPU
		{ACC48020-4AFF-4E97-BB93-B065B21E196B}.Debug|Any CPU.Build.0 = Debug|Any CPU
		{ACC48020-4AFF-4E97-BB93-B065B21E196B}.Debug|Any CPU.Deploy.0 = Debug|Any CPU
		{ACC48020-4AFF-4E97-BB93-B065B21E196B}.Release|Any CPU.ActiveCfg = Release|Any CPU
		{ACC48020-4AFF-4E97-BB93-B065B21E196B}.Release|Any CPU.Build.0 = Release|Any CPU
		{ACC48020-4AFF-4E97-BB93-B065B21E196B}.Release|Any CPU.Deploy.0 = Release|Any CPU
	EndGlobalSection
	GlobalSection(SolutionProperties) = preSolution
		HideSolutionNode = FALSE
	EndGlobalSection
	GlobalSection(ExtensibilityGlobals) = postSolution
		SolutionGuid = {F76A7A24-C24D-4911-8CA4-75D18A04998C}
	EndGlobalSection
EndGlobal
